
Microsoft Visual Studio Solution File, Format Version 12.00
# Visual Studio Version 16
VisualStudioVersion = 16.0.30011.22
MinimumVisualStudioVersion = 10.0.40219.1
Project("{2150E333-8FDC-42A3-9474-1A3956D46DE8}") = "src", "src", "{8F3EEE2A-ADA6-4CD3-A0C1-E690FB680B15}"
EndProject
Project("{2150E333-8FDC-42A3-9474-1A3956D46DE8}") = "test", "test", "{08BEEB51-941E-4D67-994E-D879BF45B84B}"
EndProject
Project("{9A19103F-16F7-4668-BE54-9A1E7A4F7556}") = "RayTracer", "src\RayTracer\RayTracer.csproj", "{05C61A86-3348-4516-BB66-51B1BF8517CC}"
EndProject
Project("{FAE04EC0-301F-11D3-BF4B-00C04F79EFBC}") = "RayTracer.UnitTests", "test\RayTracer.UnitTests\RayTracer.UnitTests.csproj", "{69F63DB2-2C35-4C9D-B9CB-460BD1EBBEB8}"
EndProject
Global
	GlobalSection(SolutionConfigurationPlatforms) = preSolution
		Debug|Any CPU = Debug|Any CPU
		Release|Any CPU = Release|Any CPU
	EndGlobalSection
	GlobalSection(ProjectConfigurationPlatforms) = postSolution
		{05C61A86-3348-4516-BB66-51B1BF8517CC}.Debug|Any CPU.ActiveCfg = Debug|Any CPU
		{05C61A86-3348-4516-BB66-51B1BF8517CC}.Debug|Any CPU.Build.0 = Debug|Any CPU
		{05C61A86-3348-4516-BB66-51B1BF8517CC}.Release|Any CPU.ActiveCfg = Release|Any CPU
		{05C61A86-3348-4516-BB66-51B1BF8517CC}.Release|Any CPU.Build.0 = Release|Any CPU
		{69F63DB2-2C35-4C9D-B9CB-460BD1EBBEB8}.Debug|Any CPU.ActiveCfg = Debug|Any CPU
		{69F63DB2-2C35-4C9D-B9CB-460BD1EBBEB8}.Debug|Any CPU.Build.0 = Debug|Any CPU
		{69F63DB2-2C35-4C9D-B9CB-460BD1EBBEB8}.Release|Any CPU.ActiveCfg = Release|Any CPU
		{69F63DB2-2C35-4C9D-B9CB-460BD1EBBEB8}.Release|Any CPU.Build.0 = Release|Any CPU
	EndGlobalSection
	GlobalSection(SolutionProperties) = preSolution
		HideSolutionNode = FALSE
	EndGlobalSection
	GlobalSection(NestedProjects) = preSolution
		{05C61A86-3348-4516-BB66-51B1BF8517CC} = {8F3EEE2A-ADA6-4CD3-A0C1-E690FB680B15}
		{69F63DB2-2C35-4C9D-B9CB-460BD1EBBEB8} = {08BEEB51-941E-4D67-994E-D879BF45B84B}
	EndGlobalSection
	GlobalSection(ExtensibilityGlobals) = postSolution
		SolutionGuid = {910D9806-55AC-444A-A950-4C75B572D592}
	EndGlobalSection
EndGlobal
